
Microsoft Visual Studio Solution File, Format Version 10.00
# Visual Studio 2008
Project("{FAE04EC0-301F-11D3-BF4B-00C04F79EFBC}") = "Battery Test", "Battery Test\Battery Test.csproj", "{871E4B5D-9AC4-4EF7-A3EE-21C07083A79C}"
EndProject
Project("{FAE04EC0-301F-11D3-BF4B-00C04F79EFBC}") = "Battery Test itc", "Battery Test itc\Battery Test itc.csproj", "{3A75076F-7872-40E0-8130-46224C7AA17B}"
EndProject
Project("{B900F1C2-3D47-4FEC-85B3-04AAF18C3634}") = "Battery Test Setup", "Battery Test Setup\Battery Test Setup.vddproj", "{EB840CEE-9C0E-4F23-A7E7-C3E4A8A1AE57}"
EndProject
Global
	GlobalSection(SolutionConfigurationPlatforms) = preSolution
		Debug|Any CPU = Debug|Any CPU
		Release|Any CPU = Release|Any CPU
	EndGlobalSection
	GlobalSection(ProjectConfigurationPlatforms) = postSolution
		{871E4B5D-9AC4-4EF7-A3EE-21C07083A79C}.Debug|Any CPU.ActiveCfg = Debug|Any CPU
		{871E4B5D-9AC4-4EF7-A3EE-21C07083A79C}.Release|Any CPU.ActiveCfg = Release|Any CPU
		{3A75076F-7872-40E0-8130-46224C7AA17B}.Debug|Any CPU.ActiveCfg = Debug|Any CPU
		{3A75076F-7872-40E0-8130-46224C7AA17B}.Debug|Any CPU.Build.0 = Debug|Any CPU
		{3A75076F-7872-40E0-8130-46224C7AA17B}.Debug|Any CPU.Deploy.0 = Debug|Any CPU
		{3A75076F-7872-40E0-8130-46224C7AA17B}.Release|Any CPU.ActiveCfg = Release|Any CPU
		{3A75076F-7872-40E0-8130-46224C7AA17B}.Release|Any CPU.Build.0 = Release|Any CPU
		{3A75076F-7872-40E0-8130-46224C7AA17B}.Release|Any CPU.Deploy.0 = Release|Any CPU
		{EB840CEE-9C0E-4F23-A7E7-C3E4A8A1AE57}.Debug|Any CPU.ActiveCfg = Debug
		{EB840CEE-9C0E-4F23-A7E7-C3E4A8A1AE57}.Release|Any CPU.ActiveCfg = Release
		{EB840CEE-9C0E-4F23-A7E7-C3E4A8A1AE57}.Release|Any CPU.Build.0 = Release
	EndGlobalSection
	GlobalSection(SolutionProperties) = preSolution
		HideSolutionNode = FALSE
	EndGlobalSection
EndGlobal
